
Microsoft Visual Studio Solution File, Format Version 12.00
# Visual Studio Version 17
VisualStudioVersion = 17.9.34622.214
MinimumVisualStudioVersion = 10.0.40219.1
Project("{9A19103F-16F7-4668-BE54-9A1E7A4F7556}") = "DevOps.API", "DevOps.API\DevOps.API.csproj", "{8C79531C-0566-4ACC-9011-F1014EFB77C6}"
EndProject
Project("{2150E333-8FDC-42A3-9474-1A3956D46DE8}") = "Yamls", "Yamls", "{068DE13D-2A4E-469B-847E-AA7BCE688278}"
	ProjectSection(SolutionItems) = preProject
		..\..\..\Desktop\DevOps_TP3\ngnix-deployment.yaml = ..\..\..\Desktop\DevOps_TP3\ngnix-deployment.yaml
	EndProjectSection
EndProject
Global
	GlobalSection(SolutionConfigurationPlatforms) = preSolution
		Debug|Any CPU = Debug|Any CPU
		Release|Any CPU = Release|Any CPU
	EndGlobalSection
	GlobalSection(ProjectConfigurationPlatforms) = postSolution
		{8C79531C-0566-4ACC-9011-F1014EFB77C6}.Debug|Any CPU.ActiveCfg = Debug|Any CPU
		{8C79531C-0566-4ACC-9011-F1014EFB77C6}.Debug|Any CPU.Build.0 = Debug|Any CPU
		{8C79531C-0566-4ACC-9011-F1014EFB77C6}.Release|Any CPU.ActiveCfg = Release|Any CPU
		{8C79531C-0566-4ACC-9011-F1014EFB77C6}.Release|Any CPU.Build.0 = Release|Any CPU
	EndGlobalSection
	GlobalSection(SolutionProperties) = preSolution
		HideSolutionNode = FALSE
	EndGlobalSection
	GlobalSection(ExtensibilityGlobals) = postSolution
		SolutionGuid = {FF5AFB86-4451-4405-A3BF-17ED42A06FE6}
	EndGlobalSection
EndGlobal
